{
  "name": "mongodb-unique",
  "version": "1.0.0",
  "lockfileVersion": 1,
  "requires": true,
  "dependencies": {
    "@prisma/client": {
      "version": "3.7.0-dev.51",
      "resolved": "https://registry.npmjs.org/@prisma/client/-/client-3.7.0-dev.51.tgz",
      "integrity": "sha512-OrAyYbIIy9gPlUzItYx2mWylw7NQbrgKc/QjxsBAodecWYHCFsQGTQSZxK8jlcAJB7z1R00A6xdR9pM2KLmEQg==",
      "requires": {
        "@prisma/engines-version": "3.7.0-31.8746e055198f517658c08a0c426c7eec87f5a85f"
      }
    },
    "@prisma/engines": {
      "version": "3.7.0-31.8746e055198f517658c08a0c426c7eec87f5a85f",
      "resolved": "https://registry.npmjs.org/@prisma/engines/-/engines-3.7.0-31.8746e055198f517658c08a0c426c7eec87f5a85f.tgz",
      "integrity": "sha512-W549ub5NlgexNhR8EFstA/UwAWq3Zq0w9aNkraqsozVCt2CsX+lK4TK7IW5OZVSnxHwRjrgEAt3r9yPy8nZQRg=="
    },
    "@prisma/engines-version": {
      "version": "3.7.0-31.8746e055198f517658c08a0c426c7eec87f5a85f",
      "resolved": "https://registry.npmjs.org/@prisma/engines-version/-/engines-version-3.7.0-31.8746e055198f517658c08a0c426c7eec87f5a85f.tgz",
      "integrity": "sha512-+qx2b+HK7BKF4VCa0LZ/t1QCXsu6SmvhUQyJkOD2aPpmOzket4fEnSKQZSB0i5tl7rwCDsvAiSeK8o7rf+yvwg=="
    },
    "prisma": {
      "version": "3.7.0-dev.51",
      "resolved": "https://registry.npmjs.org/prisma/-/prisma-3.7.0-dev.51.tgz",
      "integrity": "sha512-ILGS2whovvZu1QK3e/Fsr1EZeGcuU7sF+GZesCuHMrBI03u1/ZYWBfnreun8vM+5GpQ7mBB7HVkp9VhfhnyNwQ==",
      "requires": {
        "@prisma/engines": "3.7.0-31.8746e055198f517658c08a0c426c7eec87f5a85f"
      }
    },
    "typescript": {
      "version": "4.5.4",
      "resolved": "https://registry.npmjs.org/typescript/-/typescript-4.5.4.tgz",
      "integrity": "sha512-VgYs2A2QIRuGphtzFV7aQJduJ2gyfTljngLzjpfW9FoYZF6xuw1W0vW9ghCKLfcWrCFxK81CSGRAvS1pn4fIUg==",
      "dev": true
    }
  }
}
